<?xml version="1.0" encoding="utf-8"?>
<Project ToolsVersion="4.0" xmlns="http://schemas.microsoft.com/developer/msbuild/2003">
  <ItemGroup>
    <ClCompile Include="Render\Camera.cpp">
      <Filter>Render</Filter>
    </ClCompile>
    <ClCompile Include="Render\Render.cpp">
      <Filter>Render</Filter>
    </ClCompile>
    <ClCompile Include="RenderUtils.cpp" />
    <ClCompile Include="main.cpp" />
    <ClCompile Include="callbacks.cpp" />
    <ClCompile Include="Particle.cpp">
      <Filter>Entity</Filter>
    </ClCompile>
    <ClCompile Include="Proyectil.cpp" />
    <ClCompile Include="ParticleSystem.cpp" />
    <ClCompile Include="ParticleGenerator.cpp" />
    <ClCompile Include="GaussianParticleGenerator.cpp" />
    <ClCompile Include="UniformParticleGenerator.cpp" />
    <ClCompile Include="Firework.cpp" />
    <ClCompile Include="CircleGenerator.cpp" />
    <ClCompile Include="ForceGenerator.cpp" />
    <ClCompile Include="ParticleForceRegistry.cpp" />
    <ClCompile Include="GravityForceGenerator.cpp" />
    <ClCompile Include="DragGenerator.cpp" />
    <ClCompile Include="UniformWindGenerator.cpp" />
    <ClCompile Include="Hurricane.cpp" />
    <ClCompile Include="Explosion.cpp" />
    <ClCompile Include="SpringForceGenerator.cpp" />
    <ClCompile Include="BuoyancyForceGenerator.cpp" />
    <ClCompile Include="WorldManager.cpp" />
    <ClCompile Include="DynamicsForceRegistry.cpp" />
    <ClCompile Include="UniformRigidGenerator.cpp" />
    <ClCompile Include="GaussianRigidGenerator.cpp" />
    <ClCompile Include="Player.cpp" />
  </ItemGroup>
  <ItemGroup>
    <ClInclude Include="core.hpp" />
    <ClInclude Include="Render\Camera.h">
      <Filter>Render</Filter>
    </ClInclude>
    <ClInclude Include="Render\Render.h">
      <Filter>Render</Filter>
    </ClInclude>
    <ClInclude Include="RenderUtils.hpp" />
    <ClInclude Include="callbacks.hpp" />
    <ClInclude Include="Particle.h">
      <Filter>Entity</Filter>
    </ClInclude>
    <ClInclude Include="Proyectil.h" />
    <ClInclude Include="ParticleSystem.h" />
    <ClInclude Include="ParticleGenerator.h" />
    <ClInclude Include="GaussianParticleGenerator.h" />
    <ClInclude Include="UniformParticleGenerator.h" />
    <ClInclude Include="Firework.h" />
    <ClInclude Include="CircleGenerator.h" />
    <ClInclude Include="ForceGenerator.h" />
    <ClInclude Include="ParticleForceRegistry.h" />
    <ClInclude Include="GravityForceGenerator.h" />
    <ClInclude Include="DragGenerator.h" />
    <ClInclude Include="UniformWindGenerator.h" />
    <ClInclude Include="Hurricane.h" />
    <ClInclude Include="Explosion.h" />
    <ClInclude Include="SpringForceGenerator.h" />
    <ClInclude Include="BuoyancyForceGenerator.h" />
    <ClInclude Include="WorldManager.h" />
    <ClInclude Include="DynamicsForceRegistry.h" />
    <ClInclude Include="UniformRigidGenerator.h" />
    <ClInclude Include="GaussianRigidGenerator.h" />
    <ClInclude Include="Player.h" />
  </ItemGroup>
  <ItemGroup>
    <Filter Include="Render">
      <UniqueIdentifier>{d04b4f9f-5a69-465e-8070-25c6d0bcd3c2}</UniqueIdentifier>
    </Filter>
    <Filter Include="Entity">
      <UniqueIdentifier>{a28c84af-6e0c-405c-b602-10cb3e62999b}</UniqueIdentifier>
    </Filter>
  </ItemGroup>
</Project>